<?xml version="1.0" encoding="utf-8"?>
<Project ToolsVersion="4.0" xmlns="http://schemas.microsoft.com/developer/msbuild/2003">
  <ItemGroup>
    <ClCompile Include="CTotpCredential.cpp">
      <Filter>Source Files</Filter>
    </ClCompile>
    <ClCompile Include="CTotpProvider.cpp">
      <Filter>Source Files</Filter>
    </ClCompile>
    <ClCompile Include="CWrappedCredentialEvents.cpp">
      <Filter>Source Files</Filter>
    </ClCompile>
    <ClCompile Include="guid.cpp">
      <Filter>Source Files</Filter>
    </ClCompile>
    <ClCompile Include="HMacSha1.cpp">
      <Filter>Source Files</Filter>
    </ClCompile>
    <ClCompile Include="SimplePinExtractor.cpp">
      <Filter>Source Files</Filter>
    </ClCompile>
    <ClCompile Include="SystemClock.cpp">
      <Filter>Source Files</Filter>
    </ClCompile>
    <ClCompile Include="TotpGenerator.cpp">
      <Filter>Source Files</Filter>
    </ClCompile>
  </ItemGroup>
  <ItemGroup>
    <ClInclude Include="common.h">
      <Filter>Header Files</Filter>
    </ClInclude>
    <ClInclude Include="common_defs.h">
      <Filter>Header Files</Filter>
    </ClInclude>
    <ClInclude Include="CTotpCredential.h">
      <Filter>Header Files</Filter>
    </ClInclude>
    <ClInclude Include="CTotpProvider.h">
      <Filter>Header Files</Filter>
    </ClInclude>
    <ClInclude Include="CWrappedCredentialEvents.h">
      <Filter>Header Files</Filter>
    </ClInclude>
    <ClInclude Include="guid.h">
      <Filter>Header Files</Filter>
    </ClInclude>
    <ClInclude Include="HMacSha1.h">
      <Filter>Header Files</Filter>
    </ClInclude>
    <ClInclude Include="IExtractPin.h">
      <Filter>Header Files</Filter>
    </ClInclude>
    <ClInclude Include="IClock.h">
      <Filter>Header Files</Filter>
    </ClInclude>
    <ClInclude Include="IMac.h">
      <Filter>Header Files</Filter>
    </ClInclude>
    <ClInclude Include="log.h">
      <Filter>Header Files</Filter>
    </ClInclude>
    <ClInclude Include="SimplePinExtractor.h">
      <Filter>Header Files</Filter>
    </ClInclude>
    <ClInclude Include="SystemClock.h">
      <Filter>Header Files</Filter>
    </ClInclude>
    <ClInclude Include="TotpGenerator.h">
      <Filter>Header Files</Filter>
    </ClInclude>
    <ClInclude Include="resource.h">
      <Filter>Header Files</Filter>
    </ClInclude>
  </ItemGroup>
  <ItemGroup>
    <None Include="OtpCredentialProvider.def">
      <Filter>Resource Files</Filter>
    </None>
    <None Include="Unregister.reg">
      <Filter>Utilities</Filter>
    </None>
    <None Include="Register.reg">
      <Filter>Utilities</Filter>
    </None>
  </ItemGroup>
  <ItemGroup>
    <Text Include="readme.txt" />
  </ItemGroup>
  <ItemGroup>
    <Filter Include="Header Files">
      <UniqueIdentifier>{53b41489-bd7f-4f74-892f-470005988731}</UniqueIdentifier>
    </Filter>
    <Filter Include="Source Files">
      <UniqueIdentifier>{aca79026-e5d0-4b4b-bf8a-84617ed4a92e}</UniqueIdentifier>
    </Filter>
    <Filter Include="Resource Files">
      <UniqueIdentifier>{b4a50a47-5f16-407a-bb22-64b4a64c17ac}</UniqueIdentifier>
    </Filter>
    <Filter Include="Utilities">
      <UniqueIdentifier>{323a53e6-d650-490b-8d8d-508438c54a6c}</UniqueIdentifier>
    </Filter>
  </ItemGroup>
  <ItemGroup>
    <Image Include="tileimage.bmp">
      <Filter>Resource Files</Filter>
    </Image>
  </ItemGroup>
  <ItemGroup>
    <ResourceCompile Include="resources.rc">
      <Filter>Resource Files</Filter>
    </ResourceCompile>
  </ItemGroup>
</Project>