
Microsoft Visual Studio Solution File, Format Version 12.00
# Visual Studio 2013
VisualStudioVersion = 12.0.21005.1
MinimumVisualStudioVersion = 10.0.40219.1
Project("{8BC9CEB8-8B4A-11D0-8D11-00A0C91BC942}") = "Helpers", "helpers\Helpers.vcxproj", "{B3612C81-3DC8-435A-A6A5-7935BF5FD60C}"
EndProject
Project("{8BC9CEB8-8B4A-11D0-8D11-00A0C91BC942}") = "OtpCredentialProvider", "Totpwrapexistingcredentialprovider\Totpwrapexistingcredentialprovider.vcxproj", "{C2D61BA4-3FAA-4E42-8618-85A2EE4CCCBB}"
EndProject
Project("{8BC9CEB8-8B4A-11D0-8D11-00A0C91BC942}") = "CredUIPrompt", "CredUIPrompt\CredUIPrompt.vcxproj", "{962E6DCB-85D8-42F4-BDC2-7C818F086634}"
EndProject
Project("{8BC9CEB8-8B4A-11D0-8D11-00A0C91BC942}") = "Totp", "Totp\Totp.vcxproj", "{1DA6BEEE-4CDC-4526-81CC-3B472465D870}"
EndProject
Global
	GlobalSection(SolutionConfigurationPlatforms) = preSolution
		Debug|Win32 = Debug|Win32
		Debug|x64 = Debug|x64
		Release|Win32 = Release|Win32
		Release|x64 = Release|x64
	EndGlobalSection
	GlobalSection(ProjectConfigurationPlatforms) = postSolution
		{B3612C81-3DC8-435A-A6A5-7935BF5FD60C}.Debug|Win32.ActiveCfg = Debug|x64
		{B3612C81-3DC8-435A-A6A5-7935BF5FD60C}.Debug|Win32.Build.0 = Debug|x64
		{B3612C81-3DC8-435A-A6A5-7935BF5FD60C}.Debug|x64.ActiveCfg = Debug|x64
		{B3612C81-3DC8-435A-A6A5-7935BF5FD60C}.Debug|x64.Build.0 = Debug|x64
		{B3612C81-3DC8-435A-A6A5-7935BF5FD60C}.Release|Win32.ActiveCfg = Release|x64
		{B3612C81-3DC8-435A-A6A5-7935BF5FD60C}.Release|Win32.Build.0 = Release|x64
		{B3612C81-3DC8-435A-A6A5-7935BF5FD60C}.Release|x64.ActiveCfg = Release|x64
		{B3612C81-3DC8-435A-A6A5-7935BF5FD60C}.Release|x64.Build.0 = Release|x64
		{C2D61BA4-3FAA-4E42-8618-85A2EE4CCCBB}.Debug|Win32.ActiveCfg = Debug|x64
		{C2D61BA4-3FAA-4E42-8618-85A2EE4CCCBB}.Debug|Win32.Build.0 = Debug|x64
		{C2D61BA4-3FAA-4E42-8618-85A2EE4CCCBB}.Debug|x64.ActiveCfg = Debug|x64
		{C2D61BA4-3FAA-4E42-8618-85A2EE4CCCBB}.Debug|x64.Build.0 = Debug|x64
		{C2D61BA4-3FAA-4E42-8618-85A2EE4CCCBB}.Release|Win32.ActiveCfg = Release|x64
		{C2D61BA4-3FAA-4E42-8618-85A2EE4CCCBB}.Release|Win32.Build.0 = Release|x64
		{C2D61BA4-3FAA-4E42-8618-85A2EE4CCCBB}.Release|x64.ActiveCfg = Release|x64
		{C2D61BA4-3FAA-4E42-8618-85A2EE4CCCBB}.Release|x64.Build.0 = Release|x64
		{962E6DCB-85D8-42F4-BDC2-7C818F086634}.Debug|Win32.ActiveCfg = Debug|Win32
		{962E6DCB-85D8-42F4-BDC2-7C818F086634}.Debug|Win32.Build.0 = Debug|Win32
		{962E6DCB-85D8-42F4-BDC2-7C818F086634}.Debug|x64.ActiveCfg = Debug|Win32
		{962E6DCB-85D8-42F4-BDC2-7C818F086634}.Release|Win32.ActiveCfg = Release|Win32
		{962E6DCB-85D8-42F4-BDC2-7C818F086634}.Release|Win32.Build.0 = Release|Win32
		{962E6DCB-85D8-42F4-BDC2-7C818F086634}.Release|x64.ActiveCfg = Release|Win32
		{1DA6BEEE-4CDC-4526-81CC-3B472465D870}.Debug|Win32.ActiveCfg = Debug|Win32
		{1DA6BEEE-4CDC-4526-81CC-3B472465D870}.Debug|Win32.Build.0 = Debug|Win32
		{1DA6BEEE-4CDC-4526-81CC-3B472465D870}.Debug|x64.ActiveCfg = Debug|Win32
		{1DA6BEEE-4CDC-4526-81CC-3B472465D870}.Release|Win32.ActiveCfg = Release|Win32
		{1DA6BEEE-4CDC-4526-81CC-3B472465D870}.Release|Win32.Build.0 = Release|Win32
		{1DA6BEEE-4CDC-4526-81CC-3B472465D870}.Release|x64.ActiveCfg = Release|Win32
	EndGlobalSection
	GlobalSection(SolutionProperties) = preSolution
		HideSolutionNode = FALSE
	EndGlobalSection
EndGlobal
